
Microsoft Visual Studio Solution File, Format Version 12.00
# Visual Studio Version 16
VisualStudioVersion = 25.0.1700.0
MinimumVisualStudioVersion = 10.0.40219.1
Project("{FAE04EC0-301F-11D3-BF4B-00C04F79EFBC}") = "AbeckDev.AzureFunctionBlobDownloader", "AbeckDev.AzureFunctionBlobDownloader.csproj", "{ED92728A-9122-49E1-8D09-1E01EEDE7DB3}"
EndProject
Global
	GlobalSection(SolutionConfigurationPlatforms) = preSolution
		Debug|Any CPU = Debug|Any CPU
		Release|Any CPU = Release|Any CPU
	EndGlobalSection
	GlobalSection(ProjectConfigurationPlatforms) = postSolution
		{ED92728A-9122-49E1-8D09-1E01EEDE7DB3}.Debug|Any CPU.ActiveCfg = Debug|Any CPU
		{ED92728A-9122-49E1-8D09-1E01EEDE7DB3}.Debug|Any CPU.Build.0 = Debug|Any CPU
		{ED92728A-9122-49E1-8D09-1E01EEDE7DB3}.Release|Any CPU.ActiveCfg = Release|Any CPU
		{ED92728A-9122-49E1-8D09-1E01EEDE7DB3}.Release|Any CPU.Build.0 = Release|Any CPU
	EndGlobalSection
	GlobalSection(SolutionProperties) = preSolution
		HideSolutionNode = FALSE
	EndGlobalSection
	GlobalSection(ExtensibilityGlobals) = postSolution
		SolutionGuid = {C599B56A-235C-486C-AC0F-D333BF50D0A3}
	EndGlobalSection
EndGlobal
